// !$*UTF8*$!
{
	archiveVersion = 1;
	classes = {
	};
	objectVersion = 56;
	objects = {

/* Begin PBXBuildFile section */
		56447ADB29EC5533009CDEA7 /* AppDelegate.swift in Sources */ = {isa = PBXBuildFile; fileRef = 56447ADA29EC5533009CDEA7 /* AppDelegate.swift */; };
		56447ADD29EC5533009CDEA7 /* SceneDelegate.swift in Sources */ = {isa = PBXBuildFile; fileRef = 56447ADC29EC5533009CDEA7 /* SceneDelegate.swift */; };
		56447ADF29EC5533009CDEA7 /* RMTabBarViewController.swift in Sources */ = {isa = PBXBuildFile; fileRef = 56447ADE29EC5533009CDEA7 /* RMTabBarViewController.swift */; };
		56447AE429EC5534009CDEA7 /* Assets.xcassets in Resources */ = {isa = PBXBuildFile; fileRef = 56447AE329EC5534009CDEA7 /* Assets.xcassets */; };
		56447AE729EC5534009CDEA7 /* LaunchScreen.storyboard in Resources */ = {isa = PBXBuildFile; fileRef = 56447AE529EC5534009CDEA7 /* LaunchScreen.storyboard */; };
		56447AF629EC56CD009CDEA7 /* RKLocation.swift in Sources */ = {isa = PBXBuildFile; fileRef = 56447AF529EC56CD009CDEA7 /* RKLocation.swift */; };
		56447AF829EC56DD009CDEA7 /* RMCharacter.swift in Sources */ = {isa = PBXBuildFile; fileRef = 56447AF729EC56DD009CDEA7 /* RMCharacter.swift */; };
		56447AFA29EC56F3009CDEA7 /* RMEpisode.swift in Sources */ = {isa = PBXBuildFile; fileRef = 56447AF929EC56F3009CDEA7 /* RMEpisode.swift */; };
		56447AFC29EC577C009CDEA7 /* RMCharacterViewController.swift in Sources */ = {isa = PBXBuildFile; fileRef = 56447AFB29EC577C009CDEA7 /* RMCharacterViewController.swift */; };
		56447AFE29EC578A009CDEA7 /* RMLocationViewController.swift in Sources */ = {isa = PBXBuildFile; fileRef = 56447AFD29EC578A009CDEA7 /* RMLocationViewController.swift */; };
		56447B0029EC5799009CDEA7 /* RMEpisodeViewController.swift in Sources */ = {isa = PBXBuildFile; fileRef = 56447AFF29EC5799009CDEA7 /* RMEpisodeViewController.swift */; };
		56447B0229EC57AC009CDEA7 /* RMSettingsViewController.swift in Sources */ = {isa = PBXBuildFile; fileRef = 56447B0129EC57AC009CDEA7 /* RMSettingsViewController.swift */; };
		56447B0429F52A91009CDEA7 /* RMService.swift in Sources */ = {isa = PBXBuildFile; fileRef = 56447B0329F52A91009CDEA7 /* RMService.swift */; };
		56447B0629F52AA9009CDEA7 /* RMRequest.swift in Sources */ = {isa = PBXBuildFile; fileRef = 56447B0529F52AA9009CDEA7 /* RMRequest.swift */; };
		56447B0829F52B88009CDEA7 /* RMEndpoint.swift in Sources */ = {isa = PBXBuildFile; fileRef = 56447B0729F52B88009CDEA7 /* RMEndpoint.swift */; };
		56447B0A29F5394E009CDEA7 /* RMOrigin.swift in Sources */ = {isa = PBXBuildFile; fileRef = 56447B0929F5394E009CDEA7 /* RMOrigin.swift */; };
		56447B0C29F539F5009CDEA7 /* RMSinleLocation.swift in Sources */ = {isa = PBXBuildFile; fileRef = 56447B0B29F539F5009CDEA7 /* RMSinleLocation.swift */; };
		56447B0E29F53AED009CDEA7 /* RMCharacterStatus.swift in Sources */ = {isa = PBXBuildFile; fileRef = 56447B0D29F53AED009CDEA7 /* RMCharacterStatus.swift */; };
		56447B1029F53B3A009CDEA7 /* RMCharacterGender.swift in Sources */ = {isa = PBXBuildFile; fileRef = 56447B0F29F53B3A009CDEA7 /* RMCharacterGender.swift */; };
/* End PBXBuildFile section */

/* Begin PBXFileReference section */
		56447AD729EC5533009CDEA7 /* RickAndMortey.app */ = {isa = PBXFileReference; explicitFileType = wrapper.application; includeInIndex = 0; path = RickAndMortey.app; sourceTree = BUILT_PRODUCTS_DIR; };
		56447ADA29EC5533009CDEA7 /* AppDelegate.swift */ = {isa = PBXFileReference; lastKnownFileType = sourcecode.swift; path = AppDelegate.swift; sourceTree = "<group>"; };
		56447ADC29EC5533009CDEA7 /* SceneDelegate.swift */ = {isa = PBXFileReference; lastKnownFileType = sourcecode.swift; path = SceneDelegate.swift; sourceTree = "<group>"; };
		56447ADE29EC5533009CDEA7 /* RMTabBarViewController.swift */ = {isa = PBXFileReference; lastKnownFileType = sourcecode.swift; path = RMTabBarViewController.swift; sourceTree = "<group>"; };
		56447AE329EC5534009CDEA7 /* Assets.xcassets */ = {isa = PBXFileReference; lastKnownFileType = folder.assetcatalog; path = Assets.xcassets; sourceTree = "<group>"; };
		56447AE629EC5534009CDEA7 /* Base */ = {isa = PBXFileReference; lastKnownFileType = file.storyboard; name = Base; path = Base.lproj/LaunchScreen.storyboard; sourceTree = "<group>"; };
		56447AE829EC5534009CDEA7 /* Info.plist */ = {isa = PBXFileReference; lastKnownFileType = text.plist.xml; path = Info.plist; sourceTree = "<group>"; };
		56447AF529EC56CD009CDEA7 /* RKLocation.swift */ = {isa = PBXFileReference; lastKnownFileType = sourcecode.swift; path = RKLocation.swift; sourceTree = "<group>"; };
		56447AF729EC56DD009CDEA7 /* RMCharacter.swift */ = {isa = PBXFileReference; lastKnownFileType = sourcecode.swift; path = RMCharacter.swift; sourceTree = "<group>"; };
		56447AF929EC56F3009CDEA7 /* RMEpisode.swift */ = {isa = PBXFileReference; lastKnownFileType = sourcecode.swift; path = RMEpisode.swift; sourceTree = "<group>"; };
		56447AFB29EC577C009CDEA7 /* RMCharacterViewController.swift */ = {isa = PBXFileReference; lastKnownFileType = sourcecode.swift; path = RMCharacterViewController.swift; sourceTree = "<group>"; };
		56447AFD29EC578A009CDEA7 /* RMLocationViewController.swift */ = {isa = PBXFileReference; lastKnownFileType = sourcecode.swift; path = RMLocationViewController.swift; sourceTree = "<group>"; };
		56447AFF29EC5799009CDEA7 /* RMEpisodeViewController.swift */ = {isa = PBXFileReference; lastKnownFileType = sourcecode.swift; path = RMEpisodeViewController.swift; sourceTree = "<group>"; };
		56447B0129EC57AC009CDEA7 /* RMSettingsViewController.swift */ = {isa = PBXFileReference; lastKnownFileType = sourcecode.swift; path = RMSettingsViewController.swift; sourceTree = "<group>"; };
		56447B0329F52A91009CDEA7 /* RMService.swift */ = {isa = PBXFileReference; lastKnownFileType = sourcecode.swift; path = RMService.swift; sourceTree = "<group>"; };
		56447B0529F52AA9009CDEA7 /* RMRequest.swift */ = {isa = PBXFileReference; lastKnownFileType = sourcecode.swift; path = RMRequest.swift; sourceTree = "<group>"; };
		56447B0729F52B88009CDEA7 /* RMEndpoint.swift */ = {isa = PBXFileReference; lastKnownFileType = sourcecode.swift; path = RMEndpoint.swift; sourceTree = "<group>"; };
		56447B0929F5394E009CDEA7 /* RMOrigin.swift */ = {isa = PBXFileReference; lastKnownFileType = sourcecode.swift; path = RMOrigin.swift; sourceTree = "<group>"; };
		56447B0B29F539F5009CDEA7 /* RMSinleLocation.swift */ = {isa = PBXFileReference; lastKnownFileType = sourcecode.swift; path = RMSinleLocation.swift; sourceTree = "<group>"; };
		56447B0D29F53AED009CDEA7 /* RMCharacterStatus.swift */ = {isa = PBXFileReference; lastKnownFileType = sourcecode.swift; path = RMCharacterStatus.swift; sourceTree = "<group>"; };
		56447B0F29F53B3A009CDEA7 /* RMCharacterGender.swift */ = {isa = PBXFileReference; lastKnownFileType = sourcecode.swift; path = RMCharacterGender.swift; sourceTree = "<group>"; };
/* End PBXFileReference section */

/* Begin PBXFrameworksBuildPhase section */
		56447AD429EC5533009CDEA7 /* Frameworks */ = {
			isa = PBXFrameworksBuildPhase;
			buildActionMask = 2147483647;
			files = (
			);
			runOnlyForDeploymentPostprocessing = 0;
		};
/* End PBXFrameworksBuildPhase section */

/* Begin PBXGroup section */
		56447ACE29EC5533009CDEA7 = {
			isa = PBXGroup;
			children = (
				56447AD929EC5533009CDEA7 /* RickAndMortey */,
				56447AD829EC5533009CDEA7 /* Products */,
			);
			sourceTree = "<group>";
		};
		56447AD829EC5533009CDEA7 /* Products */ = {
			isa = PBXGroup;
			children = (
				56447AD729EC5533009CDEA7 /* RickAndMortey.app */,
			);
			name = Products;
			sourceTree = "<group>";
		};
		56447AD929EC5533009CDEA7 /* RickAndMortey */ = {
			isa = PBXGroup;
			children = (
				56447AF429EC5603009CDEA7 /* Resources */,
				56447AF329EC55FB009CDEA7 /* Managers */,
				56447AF229EC55D1009CDEA7 /* APIClient */,
				56447AF129EC55C4009CDEA7 /* ViewModels */,
				56447AF029EC55A2009CDEA7 /* Controllers */,
				56447AEF29EC559B009CDEA7 /* Models */,
				56447AEE29EC5589009CDEA7 /* Views */,
				56447AE829EC5534009CDEA7 /* Info.plist */,
			);
			path = RickAndMortey;
			sourceTree = "<group>";
		};
		56447AEE29EC5589009CDEA7 /* Views */ = {
			isa = PBXGroup;
			children = (
			);
			path = Views;
			sourceTree = "<group>";
		};
		56447AEF29EC559B009CDEA7 /* Models */ = {
			isa = PBXGroup;
			children = (
				56447AF529EC56CD009CDEA7 /* RKLocation.swift */,
				56447AF729EC56DD009CDEA7 /* RMCharacter.swift */,
				56447AF929EC56F3009CDEA7 /* RMEpisode.swift */,
				56447B0929F5394E009CDEA7 /* RMOrigin.swift */,
				56447B0B29F539F5009CDEA7 /* RMSinleLocation.swift */,
				56447B0D29F53AED009CDEA7 /* RMCharacterStatus.swift */,
				56447B0F29F53B3A009CDEA7 /* RMCharacterGender.swift */,
			);
			path = Models;
			sourceTree = "<group>";
		};
		56447AF029EC55A2009CDEA7 /* Controllers */ = {
			isa = PBXGroup;
			children = (
				56447ADE29EC5533009CDEA7 /* RMTabBarViewController.swift */,
				56447AFB29EC577C009CDEA7 /* RMCharacterViewController.swift */,
				56447AFD29EC578A009CDEA7 /* RMLocationViewController.swift */,
				56447AFF29EC5799009CDEA7 /* RMEpisodeViewController.swift */,
				56447B0129EC57AC009CDEA7 /* RMSettingsViewController.swift */,
			);
			path = Controllers;
			sourceTree = "<group>";
		};
		56447AF129EC55C4009CDEA7 /* ViewModels */ = {
			isa = PBXGroup;
			children = (
			);
			path = ViewModels;
			sourceTree = "<group>";
		};
		56447AF229EC55D1009CDEA7 /* APIClient */ = {
			isa = PBXGroup;
			children = (
				56447B0329F52A91009CDEA7 /* RMService.swift */,
				56447B0529F52AA9009CDEA7 /* RMRequest.swift */,
				56447B0729F52B88009CDEA7 /* RMEndpoint.swift */,
			);
			path = APIClient;
			sourceTree = "<group>";
		};
		56447AF329EC55FB009CDEA7 /* Managers */ = {
			isa = PBXGroup;
			children = (
			);
			path = Managers;
			sourceTree = "<group>";
		};
		56447AF429EC5603009CDEA7 /* Resources */ = {
			isa = PBXGroup;
			children = (
				56447AE329EC5534009CDEA7 /* Assets.xcassets */,
				56447AE529EC5534009CDEA7 /* LaunchScreen.storyboard */,
				56447ADA29EC5533009CDEA7 /* AppDelegate.swift */,
				56447ADC29EC5533009CDEA7 /* SceneDelegate.swift */,
			);
			path = Resources;
			sourceTree = "<group>";
		};
/* End PBXGroup section */

/* Begin PBXNativeTarget section */
		56447AD629EC5533009CDEA7 /* RickAndMortey */ = {
			isa = PBXNativeTarget;
			buildConfigurationList = 56447AEB29EC5534009CDEA7 /* Build configuration list for PBXNativeTarget "RickAndMortey" */;
			buildPhases = (
				56447AD329EC5533009CDEA7 /* Sources */,
				56447AD429EC5533009CDEA7 /* Frameworks */,
				56447AD529EC5533009CDEA7 /* Resources */,
			);
			buildRules = (
			);
			dependencies = (
			);
			name = RickAndMortey;
			productName = RickAndMortey;
			productReference = 56447AD729EC5533009CDEA7 /* RickAndMortey.app */;
			productType = "com.apple.product-type.application";
		};
/* End PBXNativeTarget section */

/* Begin PBXProject section */
		56447ACF29EC5533009CDEA7 /* Project object */ = {
			isa = PBXProject;
			attributes = {
				BuildIndependentTargetsInParallel = 1;
				LastSwiftUpdateCheck = 1420;
				LastUpgradeCheck = 1420;
				TargetAttributes = {
					56447AD629EC5533009CDEA7 = {
						CreatedOnToolsVersion = 14.2;
					};
				};
			};
			buildConfigurationList = 56447AD229EC5533009CDEA7 /* Build configuration list for PBXProject "RickAndMortey" */;
			compatibilityVersion = "Xcode 14.0";
			developmentRegion = en;
			hasScannedForEncodings = 0;
			knownRegions = (
				en,
				Base,
			);
			mainGroup = 56447ACE29EC5533009CDEA7;
			productRefGroup = 56447AD829EC5533009CDEA7 /* Products */;
			projectDirPath = "";
			projectRoot = "";
			targets = (
				56447AD629EC5533009CDEA7 /* RickAndMortey */,
			);
		};
/* End PBXProject section */

/* Begin PBXResourcesBuildPhase section */
		56447AD529EC5533009CDEA7 /* Resources */ = {
			isa = PBXResourcesBuildPhase;
			buildActionMask = 2147483647;
			files = (
				56447AE729EC5534009CDEA7 /* LaunchScreen.storyboard in Resources */,
				56447AE429EC5534009CDEA7 /* Assets.xcassets in Resources */,
			);
			runOnlyForDeploymentPostprocessing = 0;
		};
/* End PBXResourcesBuildPhase section */

/* Begin PBXSourcesBuildPhase section */
		56447AD329EC5533009CDEA7 /* Sources */ = {
			isa = PBXSourcesBuildPhase;
			buildActionMask = 2147483647;
			files = (
				56447B0A29F5394E009CDEA7 /* RMOrigin.swift in Sources */,
				56447AFE29EC578A009CDEA7 /* RMLocationViewController.swift in Sources */,
				56447B0E29F53AED009CDEA7 /* RMCharacterStatus.swift in Sources */,
				56447B1029F53B3A009CDEA7 /* RMCharacterGender.swift in Sources */,
				56447AFA29EC56F3009CDEA7 /* RMEpisode.swift in Sources */,
				56447ADF29EC5533009CDEA7 /* RMTabBarViewController.swift in Sources */,
				56447B0029EC5799009CDEA7 /* RMEpisodeViewController.swift in Sources */,
				56447AF629EC56CD009CDEA7 /* RKLocation.swift in Sources */,
				56447ADB29EC5533009CDEA7 /* AppDelegate.swift in Sources */,
				56447B0229EC57AC009CDEA7 /* RMSettingsViewController.swift in Sources */,
				56447B0429F52A91009CDEA7 /* RMService.swift in Sources */,
				56447ADD29EC5533009CDEA7 /* SceneDelegate.swift in Sources */,
				56447B0829F52B88009CDEA7 /* RMEndpoint.swift in Sources */,
				56447AF829EC56DD009CDEA7 /* RMCharacter.swift in Sources */,
				56447B0C29F539F5009CDEA7 /* RMSinleLocation.swift in Sources */,
				56447B0629F52AA9009CDEA7 /* RMRequest.swift in Sources */,
				56447AFC29EC577C009CDEA7 /* RMCharacterViewController.swift in Sources */,
			);
			runOnlyForDeploymentPostprocessing = 0;
		};
/* End PBXSourcesBuildPhase section */

/* Begin PBXVariantGroup section */
		56447AE529EC5534009CDEA7 /* LaunchScreen.storyboard */ = {
			isa = PBXVariantGroup;
			children = (
				56447AE629EC5534009CDEA7 /* Base */,
			);
			name = LaunchScreen.storyboard;
			sourceTree = "<group>";
		};
/* End PBXVariantGroup section */

/* Begin XCBuildConfiguration section */
		56447AE929EC5534009CDEA7 /* Debug */ = {
			isa = XCBuildConfiguration;
			buildSettings = {
				ALWAYS_SEARCH_USER_PATHS = NO;
				CLANG_ANALYZER_NONNULL = YES;
				CLANG_ANALYZER_NUMBER_OBJECT_CONVERSION = YES_AGGRESSIVE;
				CLANG_CXX_LANGUAGE_STANDARD = "gnu++20";
				CLANG_ENABLE_MODULES = YES;
				CLANG_ENABLE_OBJC_ARC = YES;
				CLANG_ENABLE_OBJC_WEAK = YES;
				CLANG_WARN_BLOCK_CAPTURE_AUTORELEASING = YES;
				CLANG_WARN_BOOL_CONVERSION = YES;
				CLANG_WARN_COMMA = YES;
				CLANG_WARN_CONSTANT_CONVERSION = YES;
				CLANG_WARN_DEPRECATED_OBJC_IMPLEMENTATIONS = YES;
				CLANG_WARN_DIRECT_OBJC_ISA_USAGE = YES_ERROR;
				CLANG_WARN_DOCUMENTATION_COMMENTS = YES;
				CLANG_WARN_EMPTY_BODY = YES;
				CLANG_WARN_ENUM_CONVERSION = YES;
				CLANG_WARN_INFINITE_RECURSION = YES;
				CLANG_WARN_INT_CONVERSION = YES;
				CLANG_WARN_NON_LITERAL_NULL_CONVERSION = YES;
				CLANG_WARN_OBJC_IMPLICIT_RETAIN_SELF = YES;
				CLANG_WARN_OBJC_LITERAL_CONVERSION = YES;
				CLANG_WARN_OBJC_ROOT_CLASS = YES_ERROR;
				CLANG_WARN_QUOTED_INCLUDE_IN_FRAMEWORK_HEADER = YES;
				CLANG_WARN_RANGE_LOOP_ANALYSIS = YES;
				CLANG_WARN_STRICT_PROTOTYPES = YES;
				CLANG_WARN_SUSPICIOUS_MOVE = YES;
				CLANG_WARN_UNGUARDED_AVAILABILITY = YES_AGGRESSIVE;
				CLANG_WARN_UNREACHABLE_CODE = YES;
				CLANG_WARN__DUPLICATE_METHOD_MATCH = YES;
				COPY_PHASE_STRIP = NO;
				DEBUG_INFORMATION_FORMAT = dwarf;
				ENABLE_STRICT_OBJC_MSGSEND = YES;
				ENABLE_TESTABILITY = YES;
				GCC_C_LANGUAGE_STANDARD = gnu11;
				GCC_DYNAMIC_NO_PIC = NO;
				GCC_NO_COMMON_BLOCKS = YES;
				GCC_OPTIMIZATION_LEVEL = 0;
				GCC_PREPROCESSOR_DEFINITIONS = (
					"DEBUG=1",
					"$(inherited)",
				);
				GCC_WARN_64_TO_32_BIT_CONVERSION = YES;
				GCC_WARN_ABOUT_RETURN_TYPE = YES_ERROR;
				GCC_WARN_UNDECLARED_SELECTOR = YES;
				GCC_WARN_UNINITIALIZED_AUTOS = YES_AGGRESSIVE;
				GCC_WARN_UNUSED_FUNCTION = YES;
				GCC_WARN_UNUSED_VARIABLE = YES;
				IPHONEOS_DEPLOYMENT_TARGET = 16.2;
				MTL_ENABLE_DEBUG_INFO = INCLUDE_SOURCE;
				MTL_FAST_MATH = YES;
				ONLY_ACTIVE_ARCH = YES;
				SDKROOT = iphoneos;
				SWIFT_ACTIVE_COMPILATION_CONDITIONS = DEBUG;
				SWIFT_OPTIMIZATION_LEVEL = "-Onone";
			};
			name = Debug;
		};
		56447AEA29EC5534009CDEA7 /* Release */ = {
			isa = XCBuildConfiguration;
			buildSettings = {
				ALWAYS_SEARCH_USER_PATHS = NO;
				CLANG_ANALYZER_NONNULL = YES;
				CLANG_ANALYZER_NUMBER_OBJECT_CONVERSION = YES_AGGRESSIVE;
				CLANG_CXX_LANGUAGE_STANDARD = "gnu++20";
				CLANG_ENABLE_MODULES = YES;
				CLANG_ENABLE_OBJC_ARC = YES;
				CLANG_ENABLE_OBJC_WEAK = YES;
				CLANG_WARN_BLOCK_CAPTURE_AUTORELEASING = YES;
				CLANG_WARN_BOOL_CONVERSION = YES;
				CLANG_WARN_COMMA = YES;
				CLANG_WARN_CONSTANT_CONVERSION = YES;
				CLANG_WARN_DEPRECATED_OBJC_IMPLEMENTATIONS = YES;
				CLANG_WARN_DIRECT_OBJC_ISA_USAGE = YES_ERROR;
				CLANG_WARN_DOCUMENTATION_COMMENTS = YES;
				CLANG_WARN_EMPTY_BODY = YES;
				CLANG_WARN_ENUM_CONVERSION = YES;
				CLANG_WARN_INFINITE_RECURSION = YES;
				CLANG_WARN_INT_CONVERSION = YES;
				CLANG_WARN_NON_LITERAL_NULL_CONVERSION = YES;
				CLANG_WARN_OBJC_IMPLICIT_RETAIN_SELF = YES;
				CLANG_WARN_OBJC_LITERAL_CONVERSION = YES;
				CLANG_WARN_OBJC_ROOT_CLASS = YES_ERROR;
				CLANG_WARN_QUOTED_INCLUDE_IN_FRAMEWORK_HEADER = YES;
				CLANG_WARN_RANGE_LOOP_ANALYSIS = YES;
				CLANG_WARN_STRICT_PROTOTYPES = YES;
				CLANG_WARN_SUSPICIOUS_MOVE = YES;
				CLANG_WARN_UNGUARDED_AVAILABILITY = YES_AGGRESSIVE;
				CLANG_WARN_UNREACHABLE_CODE = YES;
				CLANG_WARN__DUPLICATE_METHOD_MATCH = YES;
				COPY_PHASE_STRIP = NO;
				DEBUG_INFORMATION_FORMAT = "dwarf-with-dsym";
				ENABLE_NS_ASSERTIONS = NO;
				ENABLE_STRICT_OBJC_MSGSEND = YES;
				GCC_C_LANGUAGE_STANDARD = gnu11;
				GCC_NO_COMMON_BLOCKS = YES;
				GCC_WARN_64_TO_32_BIT_CONVERSION = YES;
				GCC_WARN_ABOUT_RETURN_TYPE = YES_ERROR;
				GCC_WARN_UNDECLARED_SELECTOR = YES;
				GCC_WARN_UNINITIALIZED_AUTOS = YES_AGGRESSIVE;
				GCC_WARN_UNUSED_FUNCTION = YES;
				GCC_WARN_UNUSED_VARIABLE = YES;
				IPHONEOS_DEPLOYMENT_TARGET = 16.2;
				MTL_ENABLE_DEBUG_INFO = NO;
				MTL_FAST_MATH = YES;
				SDKROOT = iphoneos;
				SWIFT_COMPILATION_MODE = wholemodule;
				SWIFT_OPTIMIZATION_LEVEL = "-O";
				VALIDATE_PRODUCT = YES;
			};
			name = Release;
		};
		56447AEC29EC5534009CDEA7 /* Debug */ = {
			isa = XCBuildConfiguration;
			buildSettings = {
				ASSETCATALOG_COMPILER_APPICON_NAME = AppIcon;
				ASSETCATALOG_COMPILER_GLOBAL_ACCENT_COLOR_NAME = AccentColor;
				CODE_SIGN_STYLE = Automatic;
				CURRENT_PROJECT_VERSION = 1;
				GENERATE_INFOPLIST_FILE = YES;
				INFOPLIST_FILE = RickAndMortey/Info.plist;
				INFOPLIST_KEY_UIApplicationSupportsIndirectInputEvents = YES;
				INFOPLIST_KEY_UILaunchStoryboardName = LaunchScreen;
				INFOPLIST_KEY_UISupportedInterfaceOrientations_iPad = "UIInterfaceOrientationPortrait UIInterfaceOrientationPortraitUpsideDown UIInterfaceOrientationLandscapeLeft UIInterfaceOrientationLandscapeRight";
				INFOPLIST_KEY_UISupportedInterfaceOrientations_iPhone = "UIInterfaceOrientationPortrait UIInterfaceOrientationLandscapeLeft UIInterfaceOrientationLandscapeRight";
				IPHONEOS_DEPLOYMENT_TARGET = 13.0;
				LD_RUNPATH_SEARCH_PATHS = (
					"$(inherited)",
					"@executable_path/Frameworks",
				);
				MARKETING_VERSION = 1.0;
				PRODUCT_BUNDLE_IDENTIFIER = "Altynbek-Dimoon.test.RickAndMortey";
				PRODUCT_NAME = "$(TARGET_NAME)";
				SWIFT_EMIT_LOC_STRINGS = YES;
				SWIFT_VERSION = 5.0;
				TARGETED_DEVICE_FAMILY = "1,2";
			};
			name = Debug;
		};
		56447AED29EC5534009CDEA7 /* Release */ = {
			isa = XCBuildConfiguration;
			buildSettings = {
				ASSETCATALOG_COMPILER_APPICON_NAME = AppIcon;
				ASSETCATALOG_COMPILER_GLOBAL_ACCENT_COLOR_NAME = AccentColor;
				CODE_SIGN_STYLE = Automatic;
				CURRENT_PROJECT_VERSION = 1;
				GENERATE_INFOPLIST_FILE = YES;
				INFOPLIST_FILE = RickAndMortey/Info.plist;
				INFOPLIST_KEY_UIApplicationSupportsIndirectInputEvents = YES;
				INFOPLIST_KEY_UILaunchStoryboardName = LaunchScreen;
				INFOPLIST_KEY_UISupportedInterfaceOrientations_iPad = "UIInterfaceOrientationPortrait UIInterfaceOrientationPortraitUpsideDown UIInterfaceOrientationLandscapeLeft UIInterfaceOrientationLandscapeRight";
				INFOPLIST_KEY_UISupportedInterfaceOrientations_iPhone = "UIInterfaceOrientationPortrait UIInterfaceOrientationLandscapeLeft UIInterfaceOrientationLandscapeRight";
				IPHONEOS_DEPLOYMENT_TARGET = 13.0;
				LD_RUNPATH_SEARCH_PATHS = (
					"$(inherited)",
					"@executable_path/Frameworks",
				);
				MARKETING_VERSION = 1.0;
				PRODUCT_BUNDLE_IDENTIFIER = "Altynbek-Dimoon.test.RickAndMortey";
				PRODUCT_NAME = "$(TARGET_NAME)";
				SWIFT_EMIT_LOC_STRINGS = YES;
				SWIFT_VERSION = 5.0;
				TARGETED_DEVICE_FAMILY = "1,2";
			};
			name = Release;
		};
/* End XCBuildConfiguration section */

/* Begin XCConfigurationList section */
		56447AD229EC5533009CDEA7 /* Build configuration list for PBXProject "RickAndMortey" */ = {
			isa = XCConfigurationList;
			buildConfigurations = (
				56447AE929EC5534009CDEA7 /* Debug */,
				56447AEA29EC5534009CDEA7 /* Release */,
			);
			defaultConfigurationIsVisible = 0;
			defaultConfigurationName = Release;
		};
		56447AEB29EC5534009CDEA7 /* Build configuration list for PBXNativeTarget "RickAndMortey" */ = {
			isa = XCConfigurationList;
			buildConfigurations = (
				56447AEC29EC5534009CDEA7 /* Debug */,
				56447AED29EC5534009CDEA7 /* Release */,
			);
			defaultConfigurationIsVisible = 0;
			defaultConfigurationName = Release;
		};
/* End XCConfigurationList section */
	};
	rootObject = 56447ACF29EC5533009CDEA7 /* Project object */;
}
